
Microsoft Visual Studio Solution File, Format Version 12.00
# Visual Studio 2013
VisualStudioVersion = 12.0.30723.0
MinimumVisualStudioVersion = 10.0.40219.1
Project("{FAE04EC0-301F-11D3-BF4B-00C04F79EFBC}") = "MvcMusic", "MvcMusic\MvcMusic.csproj", "{65547C7A-EFB5-4D45-8592-357631C88BCE}"
EndProject
Global
	GlobalSection(SolutionConfigurationPlatforms) = preSolution
		Debug|Any CPU = Debug|Any CPU
		Release|Any CPU = Release|Any CPU
	EndGlobalSection
	GlobalSection(ProjectConfigurationPlatforms) = postSolution
		{65547C7A-EFB5-4D45-8592-357631C88BCE}.Debug|Any CPU.ActiveCfg = Debug|Any CPU
		{65547C7A-EFB5-4D45-8592-357631C88BCE}.Debug|Any CPU.Build.0 = Debug|Any CPU
		{65547C7A-EFB5-4D45-8592-357631C88BCE}.Release|Any CPU.ActiveCfg = Release|Any CPU
		{65547C7A-EFB5-4D45-8592-357631C88BCE}.Release|Any CPU.Build.0 = Release|Any CPU
	EndGlobalSection
	GlobalSection(SolutionProperties) = preSolution
		HideSolutionNode = FALSE
	EndGlobalSection
EndGlobal
